
Microsoft Visual Studio Solution File, Format Version 12.00
# Visual Studio Version 16
VisualStudioVersion = 16.0.33214.272
MinimumVisualStudioVersion = 10.0.40219.1
Project("{9A19103F-16F7-4668-BE54-9A1E7A4F7556}") = "NZBlood.ApprovalWorkflowsWI", "NZBlood.ApprovalWorkflowsWI.csproj", "{C5A8D6AE-1CCA-4355-9A68-E5EEFB8D3C9F}"
EndProject
Project("{9A19103F-16F7-4668-BE54-9A1E7A4F7556}") = "NZBlood.ApprovalWorkflows.Blazor", "NZBlood.ApprovalWorkflows.Blazor\NZBlood.ApprovalWorkflows.Blazor.csproj", "{B3E7B451-3F37-4E05-A4E2-0226F66D7D60}"
EndProject
Global
	GlobalSection(SolutionConfigurationPlatforms) = preSolution
		Debug|Any CPU = Debug|Any CPU
		Release|Any CPU = Release|Any CPU
	EndGlobalSection
	GlobalSection(ProjectConfigurationPlatforms) = postSolution
		{C5A8D6AE-1CCA-4355-9A68-E5EEFB8D3C9F}.Debug|Any CPU.ActiveCfg = Debug|Any CPU
		{C5A8D6AE-1CCA-4355-9A68-E5EEFB8D3C9F}.Debug|Any CPU.Build.0 = Debug|Any CPU
		{C5A8D6AE-1CCA-4355-9A68-E5EEFB8D3C9F}.Release|Any CPU.ActiveCfg = Release|Any CPU
		{C5A8D6AE-1CCA-4355-9A68-E5EEFB8D3C9F}.Release|Any CPU.Build.0 = Release|Any CPU
		{B3E7B451-3F37-4E05-A4E2-0226F66D7D60}.Debug|Any CPU.ActiveCfg = Debug|Any CPU
		{B3E7B451-3F37-4E05-A4E2-0226F66D7D60}.Debug|Any CPU.Build.0 = Debug|Any CPU
		{B3E7B451-3F37-4E05-A4E2-0226F66D7D60}.Release|Any CPU.ActiveCfg = Release|Any CPU
		{B3E7B451-3F37-4E05-A4E2-0226F66D7D60}.Release|Any CPU.Build.0 = Release|Any CPU
	EndGlobalSection
	GlobalSection(SolutionProperties) = preSolution
		HideSolutionNode = FALSE
	EndGlobalSection
	GlobalSection(ExtensibilityGlobals) = postSolution
		SolutionGuid = {0285C33F-A33A-47F6-807B-9E99E15C383E}
	EndGlobalSection
EndGlobal
